
Microsoft Visual Studio Solution File, Format Version 12.00
# Visual Studio Version 16
VisualStudioVersion = 16.0.31005.135
MinimumVisualStudioVersion = 10.0.40219.1
Project("{9A19103F-16F7-4668-BE54-9A1E7A4F7556}") = "Lms.Web", "Lms.Web\Lms.Web.csproj", "{22DAE4B1-8335-47EE-B8C7-B2D7AB645A0C}"
EndProject
Project("{9A19103F-16F7-4668-BE54-9A1E7A4F7556}") = "Lms.Core", "Lms.Core\Lms.Core.csproj", "{A07A2043-A71E-46A5-8EE2-5E06BFD53AB3}"
EndProject
Project("{9A19103F-16F7-4668-BE54-9A1E7A4F7556}") = "Lms.DataLayer", "Lms.DataLayer\Lms.DataLayer.csproj", "{F7AB8E64-D33C-4931-9556-FC67B02972C2}"
EndProject
Global
	GlobalSection(SolutionConfigurationPlatforms) = preSolution
		Debug|Any CPU = Debug|Any CPU
		Release|Any CPU = Release|Any CPU
	EndGlobalSection
	GlobalSection(ProjectConfigurationPlatforms) = postSolution
		{22DAE4B1-8335-47EE-B8C7-B2D7AB645A0C}.Debug|Any CPU.ActiveCfg = Debug|Any CPU
		{22DAE4B1-8335-47EE-B8C7-B2D7AB645A0C}.Debug|Any CPU.Build.0 = Debug|Any CPU
		{22DAE4B1-8335-47EE-B8C7-B2D7AB645A0C}.Release|Any CPU.ActiveCfg = Release|Any CPU
		{22DAE4B1-8335-47EE-B8C7-B2D7AB645A0C}.Release|Any CPU.Build.0 = Release|Any CPU
		{A07A2043-A71E-46A5-8EE2-5E06BFD53AB3}.Debug|Any CPU.ActiveCfg = Debug|Any CPU
		{A07A2043-A71E-46A5-8EE2-5E06BFD53AB3}.Debug|Any CPU.Build.0 = Debug|Any CPU
		{A07A2043-A71E-46A5-8EE2-5E06BFD53AB3}.Release|Any CPU.ActiveCfg = Release|Any CPU
		{A07A2043-A71E-46A5-8EE2-5E06BFD53AB3}.Release|Any CPU.Build.0 = Release|Any CPU
		{F7AB8E64-D33C-4931-9556-FC67B02972C2}.Debug|Any CPU.ActiveCfg = Debug|Any CPU
		{F7AB8E64-D33C-4931-9556-FC67B02972C2}.Debug|Any CPU.Build.0 = Debug|Any CPU
		{F7AB8E64-D33C-4931-9556-FC67B02972C2}.Release|Any CPU.ActiveCfg = Release|Any CPU
		{F7AB8E64-D33C-4931-9556-FC67B02972C2}.Release|Any CPU.Build.0 = Release|Any CPU
	EndGlobalSection
	GlobalSection(SolutionProperties) = preSolution
		HideSolutionNode = FALSE
	EndGlobalSection
	GlobalSection(ExtensibilityGlobals) = postSolution
		SolutionGuid = {46C2C899-4737-410B-9417-FD5A8DA742B8}
	EndGlobalSection
EndGlobal
